
Microsoft Visual Studio Solution File, Format Version 12.00
# Visual Studio 14
VisualStudioVersion = 14.0.25420.1
MinimumVisualStudioVersion = 10.0.40219.1
Project("{FAE04EC0-301F-11D3-BF4B-00C04F79EFBC}") = "Win.Ferreteria", "Win.Ferreteria\Win.Ferreteria.csproj", "{BA80B393-B512-4506-A9B3-E689A7500F62}"
EndProject
Project("{FAE04EC0-301F-11D3-BF4B-00C04F79EFBC}") = "BL.Rentas", "BL.Rentas\BL.Rentas.csproj", "{C7E7B4D8-E864-46EE-AB70-98455A9C641D}"
EndProject
Global
	GlobalSection(SolutionConfigurationPlatforms) = preSolution
		Debug|Any CPU = Debug|Any CPU
		Release|Any CPU = Release|Any CPU
	EndGlobalSection
	GlobalSection(ProjectConfigurationPlatforms) = postSolution
		{BA80B393-B512-4506-A9B3-E689A7500F62}.Debug|Any CPU.ActiveCfg = Debug|Any CPU
		{BA80B393-B512-4506-A9B3-E689A7500F62}.Debug|Any CPU.Build.0 = Debug|Any CPU
		{BA80B393-B512-4506-A9B3-E689A7500F62}.Release|Any CPU.ActiveCfg = Release|Any CPU
		{BA80B393-B512-4506-A9B3-E689A7500F62}.Release|Any CPU.Build.0 = Release|Any CPU
		{C7E7B4D8-E864-46EE-AB70-98455A9C641D}.Debug|Any CPU.ActiveCfg = Debug|Any CPU
		{C7E7B4D8-E864-46EE-AB70-98455A9C641D}.Debug|Any CPU.Build.0 = Debug|Any CPU
		{C7E7B4D8-E864-46EE-AB70-98455A9C641D}.Release|Any CPU.ActiveCfg = Release|Any CPU
		{C7E7B4D8-E864-46EE-AB70-98455A9C641D}.Release|Any CPU.Build.0 = Release|Any CPU
	EndGlobalSection
	GlobalSection(SolutionProperties) = preSolution
		HideSolutionNode = FALSE
	EndGlobalSection
EndGlobal
